
Microsoft Visual Studio Solution File, Format Version 12.00
# Visual Studio Version 16
VisualStudioVersion = 16.0.29418.71
MinimumVisualStudioVersion = 10.0.40219.1
Project("{FAE04EC0-301F-11D3-BF4B-00C04F79EFBC}") = "BFAExample", "BFAExample\BFAExample.csproj", "{C1F06AF5-59D3-44D3-BAF2-63AF65370311}"
EndProject
Global
	GlobalSection(SolutionConfigurationPlatforms) = preSolution
		Debug|Any CPU = Debug|Any CPU
		Release|Any CPU = Release|Any CPU
	EndGlobalSection
	GlobalSection(ProjectConfigurationPlatforms) = postSolution
		{C1F06AF5-59D3-44D3-BAF2-63AF65370311}.Debug|Any CPU.ActiveCfg = Debug|Any CPU
		{C1F06AF5-59D3-44D3-BAF2-63AF65370311}.Debug|Any CPU.Build.0 = Debug|Any CPU
		{C1F06AF5-59D3-44D3-BAF2-63AF65370311}.Release|Any CPU.ActiveCfg = Release|Any CPU
		{C1F06AF5-59D3-44D3-BAF2-63AF65370311}.Release|Any CPU.Build.0 = Release|Any CPU
	EndGlobalSection
	GlobalSection(SolutionProperties) = preSolution
		HideSolutionNode = FALSE
	EndGlobalSection
	GlobalSection(ExtensibilityGlobals) = postSolution
		SolutionGuid = {57B8B4A8-203F-4291-9437-CC9E6A3DF110}
	EndGlobalSection
EndGlobal
